// !$*UTF8*$!
{
	archiveVersion = 1;
	classes = {
	};
	objectVersion = 50;
	objects = {

/* Begin PBXBuildFile section */
		FA76859A247880EE0033F489 /* AppDelegate.swift in Sources */ = {isa = PBXBuildFile; fileRef = FA768599247880EE0033F489 /* AppDelegate.swift */; };
		FA76859C247880EE0033F489 /* SceneDelegate.swift in Sources */ = {isa = PBXBuildFile; fileRef = FA76859B247880EE0033F489 /* SceneDelegate.swift */; };
		FA76859E247880EE0033F489 /* ViewController.swift in Sources */ = {isa = PBXBuildFile; fileRef = FA76859D247880EE0033F489 /* ViewController.swift */; };
		FA7685A1247880EE0033F489 /* Main.storyboard in Resources */ = {isa = PBXBuildFile; fileRef = FA76859F247880EE0033F489 /* Main.storyboard */; };
		FA7685A3247880F00033F489 /* Assets.xcassets in Resources */ = {isa = PBXBuildFile; fileRef = FA7685A2247880F00033F489 /* Assets.xcassets */; };
		FA7685A6247880F00033F489 /* LaunchScreen.storyboard in Resources */ = {isa = PBXBuildFile; fileRef = FA7685A4247880F00033F489 /* LaunchScreen.storyboard */; };
		FA7685B1247880F00033F489 /* CoordinatorDesignPatternTests.swift in Sources */ = {isa = PBXBuildFile; fileRef = FA7685B0247880F00033F489 /* CoordinatorDesignPatternTests.swift */; };
		FA7685BC247880F00033F489 /* CoordinatorDesignPatternUITests.swift in Sources */ = {isa = PBXBuildFile; fileRef = FA7685BB247880F00033F489 /* CoordinatorDesignPatternUITests.swift */; };
/* End PBXBuildFile section */

/* Begin PBXContainerItemProxy section */
		FA7685AD247880F00033F489 /* PBXContainerItemProxy */ = {
			isa = PBXContainerItemProxy;
			containerPortal = FA76858E247880EE0033F489 /* Project object */;
			proxyType = 1;
			remoteGlobalIDString = FA768595247880EE0033F489;
			remoteInfo = CoordinatorDesignPattern;
		};
		FA7685B8247880F00033F489 /* PBXContainerItemProxy */ = {
			isa = PBXContainerItemProxy;
			containerPortal = FA76858E247880EE0033F489 /* Project object */;
			proxyType = 1;
			remoteGlobalIDString = FA768595247880EE0033F489;
			remoteInfo = CoordinatorDesignPattern;
		};
/* End PBXContainerItemProxy section */

/* Begin PBXFileReference section */
		FA768596247880EE0033F489 /* CoordinatorDesignPattern.app */ = {isa = PBXFileReference; explicitFileType = wrapper.application; includeInIndex = 0; path = CoordinatorDesignPattern.app; sourceTree = BUILT_PRODUCTS_DIR; };
		FA768599247880EE0033F489 /* AppDelegate.swift */ = {isa = PBXFileReference; lastKnownFileType = sourcecode.swift; path = AppDelegate.swift; sourceTree = "<group>"; };
		FA76859B247880EE0033F489 /* SceneDelegate.swift */ = {isa = PBXFileReference; lastKnownFileType = sourcecode.swift; path = SceneDelegate.swift; sourceTree = "<group>"; };
		FA76859D247880EE0033F489 /* ViewController.swift */ = {isa = PBXFileReference; lastKnownFileType = sourcecode.swift; path = ViewController.swift; sourceTree = "<group>"; };
		FA7685A0247880EE0033F489 /* Base */ = {isa = PBXFileReference; lastKnownFileType = file.storyboard; name = Base; path = Base.lproj/Main.storyboard; sourceTree = "<group>"; };
		FA7685A2247880F00033F489 /* Assets.xcassets */ = {isa = PBXFileReference; lastKnownFileType = folder.assetcatalog; path = Assets.xcassets; sourceTree = "<group>"; };
		FA7685A5247880F00033F489 /* Base */ = {isa = PBXFileReference; lastKnownFileType = file.storyboard; name = Base; path = Base.lproj/LaunchScreen.storyboard; sourceTree = "<group>"; };
		FA7685A7247880F00033F489 /* Info.plist */ = {isa = PBXFileReference; lastKnownFileType = text.plist.xml; path = Info.plist; sourceTree = "<group>"; };
		FA7685AC247880F00033F489 /* CoordinatorDesignPatternTests.xctest */ = {isa = PBXFileReference; explicitFileType = wrapper.cfbundle; includeInIndex = 0; path = CoordinatorDesignPatternTests.xctest; sourceTree = BUILT_PRODUCTS_DIR; };
		FA7685B0247880F00033F489 /* CoordinatorDesignPatternTests.swift */ = {isa = PBXFileReference; lastKnownFileType = sourcecode.swift; path = CoordinatorDesignPatternTests.swift; sourceTree = "<group>"; };
		FA7685B2247880F00033F489 /* Info.plist */ = {isa = PBXFileReference; lastKnownFileType = text.plist.xml; path = Info.plist; sourceTree = "<group>"; };
		FA7685B7247880F00033F489 /* CoordinatorDesignPatternUITests.xctest */ = {isa = PBXFileReference; explicitFileType = wrapper.cfbundle; includeInIndex = 0; path = CoordinatorDesignPatternUITests.xctest; sourceTree = BUILT_PRODUCTS_DIR; };
		FA7685BB247880F00033F489 /* CoordinatorDesignPatternUITests.swift */ = {isa = PBXFileReference; lastKnownFileType = sourcecode.swift; path = CoordinatorDesignPatternUITests.swift; sourceTree = "<group>"; };
		FA7685BD247880F00033F489 /* Info.plist */ = {isa = PBXFileReference; lastKnownFileType = text.plist.xml; path = Info.plist; sourceTree = "<group>"; };
/* End PBXFileReference section */

/* Begin PBXFrameworksBuildPhase section */
		FA768593247880EE0033F489 /* Frameworks */ = {
			isa = PBXFrameworksBuildPhase;
			buildActionMask = 2147483647;
			files = (
			);
			runOnlyForDeploymentPostprocessing = 0;
		};
		FA7685A9247880F00033F489 /* Frameworks */ = {
			isa = PBXFrameworksBuildPhase;
			buildActionMask = 2147483647;
			files = (
			);
			runOnlyForDeploymentPostprocessing = 0;
		};
		FA7685B4247880F00033F489 /* Frameworks */ = {
			isa = PBXFrameworksBuildPhase;
			buildActionMask = 2147483647;
			files = (
			);
			runOnlyForDeploymentPostprocessing = 0;
		};
/* End PBXFrameworksBuildPhase section */

/* Begin PBXGroup section */
		FA76858D247880EE0033F489 = {
			isa = PBXGroup;
			children = (
				FA768598247880EE0033F489 /* CoordinatorDesignPattern */,
				FA7685AF247880F00033F489 /* CoordinatorDesignPatternTests */,
				FA7685BA247880F00033F489 /* CoordinatorDesignPatternUITests */,
				FA768597247880EE0033F489 /* Products */,
			);
			sourceTree = "<group>";
		};
		FA768597247880EE0033F489 /* Products */ = {
			isa = PBXGroup;
			children = (
				FA768596247880EE0033F489 /* CoordinatorDesignPattern.app */,
				FA7685AC247880F00033F489 /* CoordinatorDesignPatternTests.xctest */,
				FA7685B7247880F00033F489 /* CoordinatorDesignPatternUITests.xctest */,
			);
			name = Products;
			sourceTree = "<group>";
		};
		FA768598247880EE0033F489 /* CoordinatorDesignPattern */ = {
			isa = PBXGroup;
			children = (
				FA768599247880EE0033F489 /* AppDelegate.swift */,
				FA76859B247880EE0033F489 /* SceneDelegate.swift */,
				FA76859D247880EE0033F489 /* ViewController.swift */,
				FA76859F247880EE0033F489 /* Main.storyboard */,
				FA7685A2247880F00033F489 /* Assets.xcassets */,
				FA7685A4247880F00033F489 /* LaunchScreen.storyboard */,
				FA7685A7247880F00033F489 /* Info.plist */,
			);
			path = CoordinatorDesignPattern;
			sourceTree = "<group>";
		};
		FA7685AF247880F00033F489 /* CoordinatorDesignPatternTests */ = {
			isa = PBXGroup;
			children = (
				FA7685B0247880F00033F489 /* CoordinatorDesignPatternTests.swift */,
				FA7685B2247880F00033F489 /* Info.plist */,
			);
			path = CoordinatorDesignPatternTests;
			sourceTree = "<group>";
		};
		FA7685BA247880F00033F489 /* CoordinatorDesignPatternUITests */ = {
			isa = PBXGroup;
			children = (
				FA7685BB247880F00033F489 /* CoordinatorDesignPatternUITests.swift */,
				FA7685BD247880F00033F489 /* Info.plist */,
			);
			path = CoordinatorDesignPatternUITests;
			sourceTree = "<group>";
		};
/* End PBXGroup section */

/* Begin PBXNativeTarget section */
		FA768595247880EE0033F489 /* CoordinatorDesignPattern */ = {
			isa = PBXNativeTarget;
			buildConfigurationList = FA7685C0247880F00033F489 /* Build configuration list for PBXNativeTarget "CoordinatorDesignPattern" */;
			buildPhases = (
				FA768592247880EE0033F489 /* Sources */,
				FA768593247880EE0033F489 /* Frameworks */,
				FA768594247880EE0033F489 /* Resources */,
			);
			buildRules = (
			);
			dependencies = (
			);
			name = CoordinatorDesignPattern;
			productName = CoordinatorDesignPattern;
			productReference = FA768596247880EE0033F489 /* CoordinatorDesignPattern.app */;
			productType = "com.apple.product-type.application";
		};
		FA7685AB247880F00033F489 /* CoordinatorDesignPatternTests */ = {
			isa = PBXNativeTarget;
			buildConfigurationList = FA7685C3247880F00033F489 /* Build configuration list for PBXNativeTarget "CoordinatorDesignPatternTests" */;
			buildPhases = (
				FA7685A8247880F00033F489 /* Sources */,
				FA7685A9247880F00033F489 /* Frameworks */,
				FA7685AA247880F00033F489 /* Resources */,
			);
			buildRules = (
			);
			dependencies = (
				FA7685AE247880F00033F489 /* PBXTargetDependency */,
			);
			name = CoordinatorDesignPatternTests;
			productName = CoordinatorDesignPatternTests;
			productReference = FA7685AC247880F00033F489 /* CoordinatorDesignPatternTests.xctest */;
			productType = "com.apple.product-type.bundle.unit-test";
		};
		FA7685B6247880F00033F489 /* CoordinatorDesignPatternUITests */ = {
			isa = PBXNativeTarget;
			buildConfigurationList = FA7685C6247880F00033F489 /* Build configuration list for PBXNativeTarget "CoordinatorDesignPatternUITests" */;
			buildPhases = (
				FA7685B3247880F00033F489 /* Sources */,
				FA7685B4247880F00033F489 /* Frameworks */,
				FA7685B5247880F00033F489 /* Resources */,
			);
			buildRules = (
			);
			dependencies = (
				FA7685B9247880F00033F489 /* PBXTargetDependency */,
			);
			name = CoordinatorDesignPatternUITests;
			productName = CoordinatorDesignPatternUITests;
			productReference = FA7685B7247880F00033F489 /* CoordinatorDesignPatternUITests.xctest */;
			productType = "com.apple.product-type.bundle.ui-testing";
		};
/* End PBXNativeTarget section */

/* Begin PBXProject section */
		FA76858E247880EE0033F489 /* Project object */ = {
			isa = PBXProject;
			attributes = {
				LastSwiftUpdateCheck = 1130;
				LastUpgradeCheck = 1130;
				ORGANIZATIONNAME = "Usaid Ather";
				TargetAttributes = {
					FA768595247880EE0033F489 = {
						CreatedOnToolsVersion = 11.3.1;
					};
					FA7685AB247880F00033F489 = {
						CreatedOnToolsVersion = 11.3.1;
						TestTargetID = FA768595247880EE0033F489;
					};
					FA7685B6247880F00033F489 = {
						CreatedOnToolsVersion = 11.3.1;
						TestTargetID = FA768595247880EE0033F489;
					};
				};
			};
			buildConfigurationList = FA768591247880EE0033F489 /* Build configuration list for PBXProject "CoordinatorDesignPattern" */;
			compatibilityVersion = "Xcode 9.3";
			developmentRegion = en;
			hasScannedForEncodings = 0;
			knownRegions = (
				en,
				Base,
			);
			mainGroup = FA76858D247880EE0033F489;
			productRefGroup = FA768597247880EE0033F489 /* Products */;
			projectDirPath = "";
			projectRoot = "";
			targets = (
				FA768595247880EE0033F489 /* CoordinatorDesignPattern */,
				FA7685AB247880F00033F489 /* CoordinatorDesignPatternTests */,
				FA7685B6247880F00033F489 /* CoordinatorDesignPatternUITests */,
			);
		};
/* End PBXProject section */

/* Begin PBXResourcesBuildPhase section */
		FA768594247880EE0033F489 /* Resources */ = {
			isa = PBXResourcesBuildPhase;
			buildActionMask = 2147483647;
			files = (
				FA7685A6247880F00033F489 /* LaunchScreen.storyboard in Resources */,
				FA7685A3247880F00033F489 /* Assets.xcassets in Resources */,
				FA7685A1247880EE0033F489 /* Main.storyboard in Resources */,
			);
			runOnlyForDeploymentPostprocessing = 0;
		};
		FA7685AA247880F00033F489 /* Resources */ = {
			isa = PBXResourcesBuildPhase;
			buildActionMask = 2147483647;
			files = (
			);
			runOnlyForDeploymentPostprocessing = 0;
		};
		FA7685B5247880F00033F489 /* Resources */ = {
			isa = PBXResourcesBuildPhase;
			buildActionMask = 2147483647;
			files = (
			);
			runOnlyForDeploymentPostprocessing = 0;
		};
/* End PBXResourcesBuildPhase section */

/* Begin PBXSourcesBuildPhase section */
		FA768592247880EE0033F489 /* Sources */ = {
			isa = PBXSourcesBuildPhase;
			buildActionMask = 2147483647;
			files = (
				FA76859E247880EE0033F489 /* ViewController.swift in Sources */,
				FA76859A247880EE0033F489 /* AppDelegate.swift in Sources */,
				FA76859C247880EE0033F489 /* SceneDelegate.swift in Sources */,
			);
			runOnlyForDeploymentPostprocessing = 0;
		};
		FA7685A8247880F00033F489 /* Sources */ = {
			isa = PBXSourcesBuildPhase;
			buildActionMask = 2147483647;
			files = (
				FA7685B1247880F00033F489 /* CoordinatorDesignPatternTests.swift in Sources */,
			);
			runOnlyForDeploymentPostprocessing = 0;
		};
		FA7685B3247880F00033F489 /* Sources */ = {
			isa = PBXSourcesBuildPhase;
			buildActionMask = 2147483647;
			files = (
				FA7685BC247880F00033F489 /* CoordinatorDesignPatternUITests.swift in Sources */,
			);
			runOnlyForDeploymentPostprocessing = 0;
		};
/* End PBXSourcesBuildPhase section */

/* Begin PBXTargetDependency section */
		FA7685AE247880F00033F489 /* PBXTargetDependency */ = {
			isa = PBXTargetDependency;
			target = FA768595247880EE0033F489 /* CoordinatorDesignPattern */;
			targetProxy = FA7685AD247880F00033F489 /* PBXContainerItemProxy */;
		};
		FA7685B9247880F00033F489 /* PBXTargetDependency */ = {
			isa = PBXTargetDependency;
			target = FA768595247880EE0033F489 /* CoordinatorDesignPattern */;
			targetProxy = FA7685B8247880F00033F489 /* PBXContainerItemProxy */;
		};
/* End PBXTargetDependency section */

/* Begin PBXVariantGroup section */
		FA76859F247880EE0033F489 /* Main.storyboard */ = {
			isa = PBXVariantGroup;
			children = (
				FA7685A0247880EE0033F489 /* Base */,
			);
			name = Main.storyboard;
			sourceTree = "<group>";
		};
		FA7685A4247880F00033F489 /* LaunchScreen.storyboard */ = {
			isa = PBXVariantGroup;
			children = (
				FA7685A5247880F00033F489 /* Base */,
			);
			name = LaunchScreen.storyboard;
			sourceTree = "<group>";
		};
/* End PBXVariantGroup section */

/* Begin XCBuildConfiguration section */
		FA7685BE247880F00033F489 /* Debug */ = {
			isa = XCBuildConfiguration;
			buildSettings = {
				ALWAYS_SEARCH_USER_PATHS = NO;
				CLANG_ANALYZER_NONNULL = YES;
				CLANG_ANALYZER_NUMBER_OBJECT_CONVERSION = YES_AGGRESSIVE;
				CLANG_CXX_LANGUAGE_STANDARD = "gnu++14";
				CLANG_CXX_LIBRARY = "libc++";
				CLANG_ENABLE_MODULES = YES;
				CLANG_ENABLE_OBJC_ARC = YES;
				CLANG_ENABLE_OBJC_WEAK = YES;
				CLANG_WARN_BLOCK_CAPTURE_AUTORELEASING = YES;
				CLANG_WARN_BOOL_CONVERSION = YES;
				CLANG_WARN_COMMA = YES;
				CLANG_WARN_CONSTANT_CONVERSION = YES;
				CLANG_WARN_DEPRECATED_OBJC_IMPLEMENTATIONS = YES;
				CLANG_WARN_DIRECT_OBJC_ISA_USAGE = YES_ERROR;
				CLANG_WARN_DOCUMENTATION_COMMENTS = YES;
				CLANG_WARN_EMPTY_BODY = YES;
				CLANG_WARN_ENUM_CONVERSION = YES;
				CLANG_WARN_INFINITE_RECURSION = YES;
				CLANG_WARN_INT_CONVERSION = YES;
				CLANG_WARN_NON_LITERAL_NULL_CONVERSION = YES;
				CLANG_WARN_OBJC_IMPLICIT_RETAIN_SELF = YES;
				CLANG_WARN_OBJC_LITERAL_CONVERSION = YES;
				CLANG_WARN_OBJC_ROOT_CLASS = YES_ERROR;
				CLANG_WARN_RANGE_LOOP_ANALYSIS = YES;
				CLANG_WARN_STRICT_PROTOTYPES = YES;
				CLANG_WARN_SUSPICIOUS_MOVE = YES;
				CLANG_WARN_UNGUARDED_AVAILABILITY = YES_AGGRESSIVE;
				CLANG_WARN_UNREACHABLE_CODE = YES;
				CLANG_WARN__DUPLICATE_METHOD_MATCH = YES;
				COPY_PHASE_STRIP = NO;
				DEBUG_INFORMATION_FORMAT = dwarf;
				ENABLE_STRICT_OBJC_MSGSEND = YES;
				ENABLE_TESTABILITY = YES;
				GCC_C_LANGUAGE_STANDARD = gnu11;
				GCC_DYNAMIC_NO_PIC = NO;
				GCC_NO_COMMON_BLOCKS = YES;
				GCC_OPTIMIZATION_LEVEL = 0;
				GCC_PREPROCESSOR_DEFINITIONS = (
					"DEBUG=1",
					"$(inherited)",
				);
				GCC_WARN_64_TO_32_BIT_CONVERSION = YES;
				GCC_WARN_ABOUT_RETURN_TYPE = YES_ERROR;
				GCC_WARN_UNDECLARED_SELECTOR = YES;
				GCC_WARN_UNINITIALIZED_AUTOS = YES_AGGRESSIVE;
				GCC_WARN_UNUSED_FUNCTION = YES;
				GCC_WARN_UNUSED_VARIABLE = YES;
				IPHONEOS_DEPLOYMENT_TARGET = 13.2;
				MTL_ENABLE_DEBUG_INFO = INCLUDE_SOURCE;
				MTL_FAST_MATH = YES;
				ONLY_ACTIVE_ARCH = YES;
				SDKROOT = iphoneos;
				SWIFT_ACTIVE_COMPILATION_CONDITIONS = DEBUG;
				SWIFT_OPTIMIZATION_LEVEL = "-Onone";
			};
			name = Debug;
		};
		FA7685BF247880F00033F489 /* Release */ = {
			isa = XCBuildConfiguration;
			buildSettings = {
				ALWAYS_SEARCH_USER_PATHS = NO;
				CLANG_ANALYZER_NONNULL = YES;
				CLANG_ANALYZER_NUMBER_OBJECT_CONVERSION = YES_AGGRESSIVE;
				CLANG_CXX_LANGUAGE_STANDARD = "gnu++14";
				CLANG_CXX_LIBRARY = "libc++";
				CLANG_ENABLE_MODULES = YES;
				CLANG_ENABLE_OBJC_ARC = YES;
				CLANG_ENABLE_OBJC_WEAK = YES;
				CLANG_WARN_BLOCK_CAPTURE_AUTORELEASING = YES;
				CLANG_WARN_BOOL_CONVERSION = YES;
				CLANG_WARN_COMMA = YES;
				CLANG_WARN_CONSTANT_CONVERSION = YES;
				CLANG_WARN_DEPRECATED_OBJC_IMPLEMENTATIONS = YES;
				CLANG_WARN_DIRECT_OBJC_ISA_USAGE = YES_ERROR;
				CLANG_WARN_DOCUMENTATION_COMMENTS = YES;
				CLANG_WARN_EMPTY_BODY = YES;
				CLANG_WARN_ENUM_CONVERSION = YES;
				CLANG_WARN_INFINITE_RECURSION = YES;
				CLANG_WARN_INT_CONVERSION = YES;
				CLANG_WARN_NON_LITERAL_NULL_CONVERSION = YES;
				CLANG_WARN_OBJC_IMPLICIT_RETAIN_SELF = YES;
				CLANG_WARN_OBJC_LITERAL_CONVERSION = YES;
				CLANG_WARN_OBJC_ROOT_CLASS = YES_ERROR;
				CLANG_WARN_RANGE_LOOP_ANALYSIS = YES;
				CLANG_WARN_STRICT_PROTOTYPES = YES;
				CLANG_WARN_SUSPICIOUS_MOVE = YES;
				CLANG_WARN_UNGUARDED_AVAILABILITY = YES_AGGRESSIVE;
				CLANG_WARN_UNREACHABLE_CODE = YES;
				CLANG_WARN__DUPLICATE_METHOD_MATCH = YES;
				COPY_PHASE_STRIP = NO;
				DEBUG_INFORMATION_FORMAT = "dwarf-with-dsym";
				ENABLE_NS_ASSERTIONS = NO;
				ENABLE_STRICT_OBJC_MSGSEND = YES;
				GCC_C_LANGUAGE_STANDARD = gnu11;
				GCC_NO_COMMON_BLOCKS = YES;
				GCC_WARN_64_TO_32_BIT_CONVERSION = YES;
				GCC_WARN_ABOUT_RETURN_TYPE = YES_ERROR;
				GCC_WARN_UNDECLARED_SELECTOR = YES;
				GCC_WARN_UNINITIALIZED_AUTOS = YES_AGGRESSIVE;
				GCC_WARN_UNUSED_FUNCTION = YES;
				GCC_WARN_UNUSED_VARIABLE = YES;
				IPHONEOS_DEPLOYMENT_TARGET = 13.2;
				MTL_ENABLE_DEBUG_INFO = NO;
				MTL_FAST_MATH = YES;
				SDKROOT = iphoneos;
				SWIFT_COMPILATION_MODE = wholemodule;
				SWIFT_OPTIMIZATION_LEVEL = "-O";
				VALIDATE_PRODUCT = YES;
			};
			name = Release;
		};
		FA7685C1247880F00033F489 /* Debug */ = {
			isa = XCBuildConfiguration;
			buildSettings = {
				ASSETCATALOG_COMPILER_APPICON_NAME = AppIcon;
				CODE_SIGN_STYLE = Automatic;
				INFOPLIST_FILE = CoordinatorDesignPattern/Info.plist;
				LD_RUNPATH_SEARCH_PATHS = (
					"$(inherited)",
					"@executable_path/Frameworks",
				);
				PRODUCT_BUNDLE_IDENTIFIER = com.UAStudios.CoordinatorDesignPattern;
				PRODUCT_NAME = "$(TARGET_NAME)";
				SWIFT_VERSION = 5.0;
				TARGETED_DEVICE_FAMILY = "1,2";
			};
			name = Debug;
		};
		FA7685C2247880F00033F489 /* Release */ = {
			isa = XCBuildConfiguration;
			buildSettings = {
				ASSETCATALOG_COMPILER_APPICON_NAME = AppIcon;
				CODE_SIGN_STYLE = Automatic;
				INFOPLIST_FILE = CoordinatorDesignPattern/Info.plist;
				LD_RUNPATH_SEARCH_PATHS = (
					"$(inherited)",
					"@executable_path/Frameworks",
				);
				PRODUCT_BUNDLE_IDENTIFIER = com.UAStudios.CoordinatorDesignPattern;
				PRODUCT_NAME = "$(TARGET_NAME)";
				SWIFT_VERSION = 5.0;
				TARGETED_DEVICE_FAMILY = "1,2";
			};
			name = Release;
		};
		FA7685C4247880F00033F489 /* Debug */ = {
			isa = XCBuildConfiguration;
			buildSettings = {
				ALWAYS_EMBED_SWIFT_STANDARD_LIBRARIES = YES;
				BUNDLE_LOADER = "$(TEST_HOST)";
				CODE_SIGN_STYLE = Automatic;
				INFOPLIST_FILE = CoordinatorDesignPatternTests/Info.plist;
				IPHONEOS_DEPLOYMENT_TARGET = 13.2;
				LD_RUNPATH_SEARCH_PATHS = (
					"$(inherited)",
					"@executable_path/Frameworks",
					"@loader_path/Frameworks",
				);
				PRODUCT_BUNDLE_IDENTIFIER = com.UAStudios.CoordinatorDesignPatternTests;
				PRODUCT_NAME = "$(TARGET_NAME)";
				SWIFT_VERSION = 5.0;
				TARGETED_DEVICE_FAMILY = "1,2";
				TEST_HOST = "$(BUILT_PRODUCTS_DIR)/CoordinatorDesignPattern.app/CoordinatorDesignPattern";
			};
			name = Debug;
		};
		FA7685C5247880F00033F489 /* Release */ = {
			isa = XCBuildConfiguration;
			buildSettings = {
				ALWAYS_EMBED_SWIFT_STANDARD_LIBRARIES = YES;
				BUNDLE_LOADER = "$(TEST_HOST)";
				CODE_SIGN_STYLE = Automatic;
				INFOPLIST_FILE = CoordinatorDesignPatternTests/Info.plist;
				IPHONEOS_DEPLOYMENT_TARGET = 13.2;
				LD_RUNPATH_SEARCH_PATHS = (
					"$(inherited)",
					"@executable_path/Frameworks",
					"@loader_path/Frameworks",
				);
				PRODUCT_BUNDLE_IDENTIFIER = com.UAStudios.CoordinatorDesignPatternTests;
				PRODUCT_NAME = "$(TARGET_NAME)";
				SWIFT_VERSION = 5.0;
				TARGETED_DEVICE_FAMILY = "1,2";
				TEST_HOST = "$(BUILT_PRODUCTS_DIR)/CoordinatorDesignPattern.app/CoordinatorDesignPattern";
			};
			name = Release;
		};
		FA7685C7247880F00033F489 /* Debug */ = {
			isa = XCBuildConfiguration;
			buildSettings = {
				ALWAYS_EMBED_SWIFT_STANDARD_LIBRARIES = YES;
				CODE_SIGN_STYLE = Automatic;
				INFOPLIST_FILE = CoordinatorDesignPatternUITests/Info.plist;
				LD_RUNPATH_SEARCH_PATHS = (
					"$(inherited)",
					"@executable_path/Frameworks",
					"@loader_path/Frameworks",
				);
				PRODUCT_BUNDLE_IDENTIFIER = com.UAStudios.CoordinatorDesignPatternUITests;
				PRODUCT_NAME = "$(TARGET_NAME)";
				SWIFT_VERSION = 5.0;
				TARGETED_DEVICE_FAMILY = "1,2";
				TEST_TARGET_NAME = CoordinatorDesignPattern;
			};
			name = Debug;
		};
		FA7685C8247880F00033F489 /* Release */ = {
			isa = XCBuildConfiguration;
			buildSettings = {
				ALWAYS_EMBED_SWIFT_STANDARD_LIBRARIES = YES;
				CODE_SIGN_STYLE = Automatic;
				INFOPLIST_FILE = CoordinatorDesignPatternUITests/Info.plist;
				LD_RUNPATH_SEARCH_PATHS = (
					"$(inherited)",
					"@executable_path/Frameworks",
					"@loader_path/Frameworks",
				);
				PRODUCT_BUNDLE_IDENTIFIER = com.UAStudios.CoordinatorDesignPatternUITests;
				PRODUCT_NAME = "$(TARGET_NAME)";
				SWIFT_VERSION = 5.0;
				TARGETED_DEVICE_FAMILY = "1,2";
				TEST_TARGET_NAME = CoordinatorDesignPattern;
			};
			name = Release;
		};
/* End XCBuildConfiguration section */

/* Begin XCConfigurationList section */
		FA768591247880EE0033F489 /* Build configuration list for PBXProject "CoordinatorDesignPattern" */ = {
			isa = XCConfigurationList;
			buildConfigurations = (
				FA7685BE247880F00033F489 /* Debug */,
				FA7685BF247880F00033F489 /* Release */,
			);
			defaultConfigurationIsVisible = 0;
			defaultConfigurationName = Release;
		};
		FA7685C0247880F00033F489 /* Build configuration list for PBXNativeTarget "CoordinatorDesignPattern" */ = {
			isa = XCConfigurationList;
			buildConfigurations = (
				FA7685C1247880F00033F489 /* Debug */,
				FA7685C2247880F00033F489 /* Release */,
			);
			defaultConfigurationIsVisible = 0;
			defaultConfigurationName = Release;
		};
		FA7685C3247880F00033F489 /* Build configuration list for PBXNativeTarget "CoordinatorDesignPatternTests" */ = {
			isa = XCConfigurationList;
			buildConfigurations = (
				FA7685C4247880F00033F489 /* Debug */,
				FA7685C5247880F00033F489 /* Release */,
			);
			defaultConfigurationIsVisible = 0;
			defaultConfigurationName = Release;
		};
		FA7685C6247880F00033F489 /* Build configuration list for PBXNativeTarget "CoordinatorDesignPatternUITests" */ = {
			isa = XCConfigurationList;
			buildConfigurations = (
				FA7685C7247880F00033F489 /* Debug */,
				FA7685C8247880F00033F489 /* Release */,
			);
			defaultConfigurationIsVisible = 0;
			defaultConfigurationName = Release;
		};
/* End XCConfigurationList section */
	};
	rootObject = FA76858E247880EE0033F489 /* Project object */;
}
